// !$*UTF8*$!
{
	archiveVersion = 1;
	classes = {
	};
	objectVersion = 55;
	objects = {

/* Begin PBXBuildFile section */
		F5B7AF6A28C06F8A002EE48F /* AnimalType.swift in Sources */ = {isa = PBXBuildFile; fileRef = F5B7AF6928C06F8A002EE48F /* AnimalType.swift */; };
		F5B7AF6C28C08097002EE48F /* Animal.swift in Sources */ = {isa = PBXBuildFile; fileRef = F5B7AF6B28C08097002EE48F /* Animal.swift */; };
		F5DA7EAD28B3AD2D00E250E2 /* CustomView.swift in Sources */ = {isa = PBXBuildFile; fileRef = F5DA7EAC28B3AD2D00E250E2 /* CustomView.swift */; };
		F5DA7EAF28B3AD5A00E250E2 /* CustomView.xib in Resources */ = {isa = PBXBuildFile; fileRef = F5DA7EAE28B3AD5A00E250E2 /* CustomView.xib */; };
		F5F1847428B39D0700DEF409 /* AppDelegate.swift in Sources */ = {isa = PBXBuildFile; fileRef = F5F1847328B39D0700DEF409 /* AppDelegate.swift */; };
		F5F1847628B39D0700DEF409 /* SceneDelegate.swift in Sources */ = {isa = PBXBuildFile; fileRef = F5F1847528B39D0700DEF409 /* SceneDelegate.swift */; };
		F5F1847828B39D0700DEF409 /* ViewController.swift in Sources */ = {isa = PBXBuildFile; fileRef = F5F1847728B39D0700DEF409 /* ViewController.swift */; };
		F5F1847B28B39D0700DEF409 /* Main.storyboard in Resources */ = {isa = PBXBuildFile; fileRef = F5F1847928B39D0700DEF409 /* Main.storyboard */; };
		F5F1847D28B39D0A00DEF409 /* Assets.xcassets in Resources */ = {isa = PBXBuildFile; fileRef = F5F1847C28B39D0A00DEF409 /* Assets.xcassets */; };
		F5F1848028B39D0A00DEF409 /* LaunchScreen.storyboard in Resources */ = {isa = PBXBuildFile; fileRef = F5F1847E28B39D0A00DEF409 /* LaunchScreen.storyboard */; };
		F5F1848B28B39D0A00DEF409 /* MVVM_exampleTests.swift in Sources */ = {isa = PBXBuildFile; fileRef = F5F1848A28B39D0A00DEF409 /* MVVM_exampleTests.swift */; };
		F5F1849528B39D0A00DEF409 /* MVVM_exampleUITests.swift in Sources */ = {isa = PBXBuildFile; fileRef = F5F1849428B39D0A00DEF409 /* MVVM_exampleUITests.swift */; };
		F5F1849728B39D0A00DEF409 /* MVVM_exampleUITestsLaunchTests.swift in Sources */ = {isa = PBXBuildFile; fileRef = F5F1849628B39D0A00DEF409 /* MVVM_exampleUITestsLaunchTests.swift */; };
/* End PBXBuildFile section */

/* Begin PBXContainerItemProxy section */
		F5F1848728B39D0A00DEF409 /* PBXContainerItemProxy */ = {
			isa = PBXContainerItemProxy;
			containerPortal = F5F1846828B39D0700DEF409 /* Project object */;
			proxyType = 1;
			remoteGlobalIDString = F5F1846F28B39D0700DEF409;
			remoteInfo = "MVVM-example";
		};
		F5F1849128B39D0A00DEF409 /* PBXContainerItemProxy */ = {
			isa = PBXContainerItemProxy;
			containerPortal = F5F1846828B39D0700DEF409 /* Project object */;
			proxyType = 1;
			remoteGlobalIDString = F5F1846F28B39D0700DEF409;
			remoteInfo = "MVVM-example";
		};
/* End PBXContainerItemProxy section */

/* Begin PBXFileReference section */
		F5B7AF6928C06F8A002EE48F /* AnimalType.swift */ = {isa = PBXFileReference; lastKnownFileType = sourcecode.swift; path = AnimalType.swift; sourceTree = "<group>"; };
		F5B7AF6B28C08097002EE48F /* Animal.swift */ = {isa = PBXFileReference; lastKnownFileType = sourcecode.swift; path = Animal.swift; sourceTree = "<group>"; };
		F5DA7EAC28B3AD2D00E250E2 /* CustomView.swift */ = {isa = PBXFileReference; lastKnownFileType = sourcecode.swift; path = CustomView.swift; sourceTree = "<group>"; };
		F5DA7EAE28B3AD5A00E250E2 /* CustomView.xib */ = {isa = PBXFileReference; lastKnownFileType = file.xib; path = CustomView.xib; sourceTree = "<group>"; };
		F5F1847028B39D0700DEF409 /* MVVM-example.app */ = {isa = PBXFileReference; explicitFileType = wrapper.application; includeInIndex = 0; path = "MVVM-example.app"; sourceTree = BUILT_PRODUCTS_DIR; };
		F5F1847328B39D0700DEF409 /* AppDelegate.swift */ = {isa = PBXFileReference; lastKnownFileType = sourcecode.swift; path = AppDelegate.swift; sourceTree = "<group>"; };
		F5F1847528B39D0700DEF409 /* SceneDelegate.swift */ = {isa = PBXFileReference; lastKnownFileType = sourcecode.swift; path = SceneDelegate.swift; sourceTree = "<group>"; };
		F5F1847728B39D0700DEF409 /* ViewController.swift */ = {isa = PBXFileReference; lastKnownFileType = sourcecode.swift; path = ViewController.swift; sourceTree = "<group>"; };
		F5F1847A28B39D0700DEF409 /* Base */ = {isa = PBXFileReference; lastKnownFileType = file.storyboard; name = Base; path = Base.lproj/Main.storyboard; sourceTree = "<group>"; };
		F5F1847C28B39D0A00DEF409 /* Assets.xcassets */ = {isa = PBXFileReference; lastKnownFileType = folder.assetcatalog; path = Assets.xcassets; sourceTree = "<group>"; };
		F5F1847F28B39D0A00DEF409 /* Base */ = {isa = PBXFileReference; lastKnownFileType = file.storyboard; name = Base; path = Base.lproj/LaunchScreen.storyboard; sourceTree = "<group>"; };
		F5F1848128B39D0A00DEF409 /* Info.plist */ = {isa = PBXFileReference; lastKnownFileType = text.plist.xml; path = Info.plist; sourceTree = "<group>"; };
		F5F1848628B39D0A00DEF409 /* MVVM-exampleTests.xctest */ = {isa = PBXFileReference; explicitFileType = wrapper.cfbundle; includeInIndex = 0; path = "MVVM-exampleTests.xctest"; sourceTree = BUILT_PRODUCTS_DIR; };
		F5F1848A28B39D0A00DEF409 /* MVVM_exampleTests.swift */ = {isa = PBXFileReference; lastKnownFileType = sourcecode.swift; path = MVVM_exampleTests.swift; sourceTree = "<group>"; };
		F5F1849028B39D0A00DEF409 /* MVVM-exampleUITests.xctest */ = {isa = PBXFileReference; explicitFileType = wrapper.cfbundle; includeInIndex = 0; path = "MVVM-exampleUITests.xctest"; sourceTree = BUILT_PRODUCTS_DIR; };
		F5F1849428B39D0A00DEF409 /* MVVM_exampleUITests.swift */ = {isa = PBXFileReference; lastKnownFileType = sourcecode.swift; path = MVVM_exampleUITests.swift; sourceTree = "<group>"; };
		F5F1849628B39D0A00DEF409 /* MVVM_exampleUITestsLaunchTests.swift */ = {isa = PBXFileReference; lastKnownFileType = sourcecode.swift; path = MVVM_exampleUITestsLaunchTests.swift; sourceTree = "<group>"; };
/* End PBXFileReference section */

/* Begin PBXFrameworksBuildPhase section */
		F5F1846D28B39D0700DEF409 /* Frameworks */ = {
			isa = PBXFrameworksBuildPhase;
			buildActionMask = 2147483647;
			files = (
			);
			runOnlyForDeploymentPostprocessing = 0;
		};
		F5F1848328B39D0A00DEF409 /* Frameworks */ = {
			isa = PBXFrameworksBuildPhase;
			buildActionMask = 2147483647;
			files = (
			);
			runOnlyForDeploymentPostprocessing = 0;
		};
		F5F1848D28B39D0A00DEF409 /* Frameworks */ = {
			isa = PBXFrameworksBuildPhase;
			buildActionMask = 2147483647;
			files = (
			);
			runOnlyForDeploymentPostprocessing = 0;
		};
/* End PBXFrameworksBuildPhase section */

/* Begin PBXGroup section */
		F5F1846728B39D0700DEF409 = {
			isa = PBXGroup;
			children = (
				F5F1847228B39D0700DEF409 /* MVVM-example */,
				F5F1848928B39D0A00DEF409 /* MVVM-exampleTests */,
				F5F1849328B39D0A00DEF409 /* MVVM-exampleUITests */,
				F5F1847128B39D0700DEF409 /* Products */,
			);
			sourceTree = "<group>";
		};
		F5F1847128B39D0700DEF409 /* Products */ = {
			isa = PBXGroup;
			children = (
				F5F1847028B39D0700DEF409 /* MVVM-example.app */,
				F5F1848628B39D0A00DEF409 /* MVVM-exampleTests.xctest */,
				F5F1849028B39D0A00DEF409 /* MVVM-exampleUITests.xctest */,
			);
			name = Products;
			sourceTree = "<group>";
		};
		F5F1847228B39D0700DEF409 /* MVVM-example */ = {
			isa = PBXGroup;
			children = (
				F5F1847328B39D0700DEF409 /* AppDelegate.swift */,
				F5F1847528B39D0700DEF409 /* SceneDelegate.swift */,
				F5F1847728B39D0700DEF409 /* ViewController.swift */,
				F5F1847928B39D0700DEF409 /* Main.storyboard */,
				F5F1847C28B39D0A00DEF409 /* Assets.xcassets */,
				F5F1847E28B39D0A00DEF409 /* LaunchScreen.storyboard */,
				F5F1848128B39D0A00DEF409 /* Info.plist */,
				F5DA7EAC28B3AD2D00E250E2 /* CustomView.swift */,
				F5DA7EAE28B3AD5A00E250E2 /* CustomView.xib */,
				F5B7AF6928C06F8A002EE48F /* AnimalType.swift */,
				F5B7AF6B28C08097002EE48F /* Animal.swift */,
			);
			path = "MVVM-example";
			sourceTree = "<group>";
		};
		F5F1848928B39D0A00DEF409 /* MVVM-exampleTests */ = {
			isa = PBXGroup;
			children = (
				F5F1848A28B39D0A00DEF409 /* MVVM_exampleTests.swift */,
			);
			path = "MVVM-exampleTests";
			sourceTree = "<group>";
		};
		F5F1849328B39D0A00DEF409 /* MVVM-exampleUITests */ = {
			isa = PBXGroup;
			children = (
				F5F1849428B39D0A00DEF409 /* MVVM_exampleUITests.swift */,
				F5F1849628B39D0A00DEF409 /* MVVM_exampleUITestsLaunchTests.swift */,
			);
			path = "MVVM-exampleUITests";
			sourceTree = "<group>";
		};
/* End PBXGroup section */

/* Begin PBXNativeTarget section */
		F5F1846F28B39D0700DEF409 /* MVVM-example */ = {
			isa = PBXNativeTarget;
			buildConfigurationList = F5F1849A28B39D0A00DEF409 /* Build configuration list for PBXNativeTarget "MVVM-example" */;
			buildPhases = (
				F5F1846C28B39D0700DEF409 /* Sources */,
				F5F1846D28B39D0700DEF409 /* Frameworks */,
				F5F1846E28B39D0700DEF409 /* Resources */,
			);
			buildRules = (
			);
			dependencies = (
			);
			name = "MVVM-example";
			productName = "MVVM-example";
			productReference = F5F1847028B39D0700DEF409 /* MVVM-example.app */;
			productType = "com.apple.product-type.application";
		};
		F5F1848528B39D0A00DEF409 /* MVVM-exampleTests */ = {
			isa = PBXNativeTarget;
			buildConfigurationList = F5F1849D28B39D0A00DEF409 /* Build configuration list for PBXNativeTarget "MVVM-exampleTests" */;
			buildPhases = (
				F5F1848228B39D0A00DEF409 /* Sources */,
				F5F1848328B39D0A00DEF409 /* Frameworks */,
				F5F1848428B39D0A00DEF409 /* Resources */,
			);
			buildRules = (
			);
			dependencies = (
				F5F1848828B39D0A00DEF409 /* PBXTargetDependency */,
			);
			name = "MVVM-exampleTests";
			productName = "MVVM-exampleTests";
			productReference = F5F1848628B39D0A00DEF409 /* MVVM-exampleTests.xctest */;
			productType = "com.apple.product-type.bundle.unit-test";
		};
		F5F1848F28B39D0A00DEF409 /* MVVM-exampleUITests */ = {
			isa = PBXNativeTarget;
			buildConfigurationList = F5F184A028B39D0A00DEF409 /* Build configuration list for PBXNativeTarget "MVVM-exampleUITests" */;
			buildPhases = (
				F5F1848C28B39D0A00DEF409 /* Sources */,
				F5F1848D28B39D0A00DEF409 /* Frameworks */,
				F5F1848E28B39D0A00DEF409 /* Resources */,
			);
			buildRules = (
			);
			dependencies = (
				F5F1849228B39D0A00DEF409 /* PBXTargetDependency */,
			);
			name = "MVVM-exampleUITests";
			productName = "MVVM-exampleUITests";
			productReference = F5F1849028B39D0A00DEF409 /* MVVM-exampleUITests.xctest */;
			productType = "com.apple.product-type.bundle.ui-testing";
		};
/* End PBXNativeTarget section */

/* Begin PBXProject section */
		F5F1846828B39D0700DEF409 /* Project object */ = {
			isa = PBXProject;
			attributes = {
				BuildIndependentTargetsInParallel = 1;
				LastSwiftUpdateCheck = 1340;
				LastUpgradeCheck = 1340;
				TargetAttributes = {
					F5F1846F28B39D0700DEF409 = {
						CreatedOnToolsVersion = 13.4.1;
					};
					F5F1848528B39D0A00DEF409 = {
						CreatedOnToolsVersion = 13.4.1;
						TestTargetID = F5F1846F28B39D0700DEF409;
					};
					F5F1848F28B39D0A00DEF409 = {
						CreatedOnToolsVersion = 13.4.1;
						TestTargetID = F5F1846F28B39D0700DEF409;
					};
				};
			};
			buildConfigurationList = F5F1846B28B39D0700DEF409 /* Build configuration list for PBXProject "MVVM-example" */;
			compatibilityVersion = "Xcode 13.0";
			developmentRegion = en;
			hasScannedForEncodings = 0;
			knownRegions = (
				en,
				Base,
			);
			mainGroup = F5F1846728B39D0700DEF409;
			productRefGroup = F5F1847128B39D0700DEF409 /* Products */;
			projectDirPath = "";
			projectRoot = "";
			targets = (
				F5F1846F28B39D0700DEF409 /* MVVM-example */,
				F5F1848528B39D0A00DEF409 /* MVVM-exampleTests */,
				F5F1848F28B39D0A00DEF409 /* MVVM-exampleUITests */,
			);
		};
/* End PBXProject section */

/* Begin PBXResourcesBuildPhase section */
		F5F1846E28B39D0700DEF409 /* Resources */ = {
			isa = PBXResourcesBuildPhase;
			buildActionMask = 2147483647;
			files = (
				F5F1848028B39D0A00DEF409 /* LaunchScreen.storyboard in Resources */,
				F5DA7EAF28B3AD5A00E250E2 /* CustomView.xib in Resources */,
				F5F1847D28B39D0A00DEF409 /* Assets.xcassets in Resources */,
				F5F1847B28B39D0700DEF409 /* Main.storyboard in Resources */,
			);
			runOnlyForDeploymentPostprocessing = 0;
		};
		F5F1848428B39D0A00DEF409 /* Resources */ = {
			isa = PBXResourcesBuildPhase;
			buildActionMask = 2147483647;
			files = (
			);
			runOnlyForDeploymentPostprocessing = 0;
		};
		F5F1848E28B39D0A00DEF409 /* Resources */ = {
			isa = PBXResourcesBuildPhase;
			buildActionMask = 2147483647;
			files = (
			);
			runOnlyForDeploymentPostprocessing = 0;
		};
/* End PBXResourcesBuildPhase section */

/* Begin PBXSourcesBuildPhase section */
		F5F1846C28B39D0700DEF409 /* Sources */ = {
			isa = PBXSourcesBuildPhase;
			buildActionMask = 2147483647;
			files = (
				F5F1847828B39D0700DEF409 /* ViewController.swift in Sources */,
				F5DA7EAD28B3AD2D00E250E2 /* CustomView.swift in Sources */,
				F5F1847428B39D0700DEF409 /* AppDelegate.swift in Sources */,
				F5F1847628B39D0700DEF409 /* SceneDelegate.swift in Sources */,
				F5B7AF6A28C06F8A002EE48F /* AnimalType.swift in Sources */,
				F5B7AF6C28C08097002EE48F /* Animal.swift in Sources */,
			);
			runOnlyForDeploymentPostprocessing = 0;
		};
		F5F1848228B39D0A00DEF409 /* Sources */ = {
			isa = PBXSourcesBuildPhase;
			buildActionMask = 2147483647;
			files = (
				F5F1848B28B39D0A00DEF409 /* MVVM_exampleTests.swift in Sources */,
			);
			runOnlyForDeploymentPostprocessing = 0;
		};
		F5F1848C28B39D0A00DEF409 /* Sources */ = {
			isa = PBXSourcesBuildPhase;
			buildActionMask = 2147483647;
			files = (
				F5F1849528B39D0A00DEF409 /* MVVM_exampleUITests.swift in Sources */,
				F5F1849728B39D0A00DEF409 /* MVVM_exampleUITestsLaunchTests.swift in Sources */,
			);
			runOnlyForDeploymentPostprocessing = 0;
		};
/* End PBXSourcesBuildPhase section */

/* Begin PBXTargetDependency section */
		F5F1848828B39D0A00DEF409 /* PBXTargetDependency */ = {
			isa = PBXTargetDependency;
			target = F5F1846F28B39D0700DEF409 /* MVVM-example */;
			targetProxy = F5F1848728B39D0A00DEF409 /* PBXContainerItemProxy */;
		};
		F5F1849228B39D0A00DEF409 /* PBXTargetDependency */ = {
			isa = PBXTargetDependency;
			target = F5F1846F28B39D0700DEF409 /* MVVM-example */;
			targetProxy = F5F1849128B39D0A00DEF409 /* PBXContainerItemProxy */;
		};
/* End PBXTargetDependency section */

/* Begin PBXVariantGroup section */
		F5F1847928B39D0700DEF409 /* Main.storyboard */ = {
			isa = PBXVariantGroup;
			children = (
				F5F1847A28B39D0700DEF409 /* Base */,
			);
			name = Main.storyboard;
			sourceTree = "<group>";
		};
		F5F1847E28B39D0A00DEF409 /* LaunchScreen.storyboard */ = {
			isa = PBXVariantGroup;
			children = (
				F5F1847F28B39D0A00DEF409 /* Base */,
			);
			name = LaunchScreen.storyboard;
			sourceTree = "<group>";
		};
/* End PBXVariantGroup section */

/* Begin XCBuildConfiguration section */
		F5F1849828B39D0A00DEF409 /* Debug */ = {
			isa = XCBuildConfiguration;
			buildSettings = {
				ALWAYS_SEARCH_USER_PATHS = NO;
				CLANG_ANALYZER_NONNULL = YES;
				CLANG_ANALYZER_NUMBER_OBJECT_CONVERSION = YES_AGGRESSIVE;
				CLANG_CXX_LANGUAGE_STANDARD = "gnu++17";
				CLANG_ENABLE_MODULES = YES;
				CLANG_ENABLE_OBJC_ARC = YES;
				CLANG_ENABLE_OBJC_WEAK = YES;
				CLANG_WARN_BLOCK_CAPTURE_AUTORELEASING = YES;
				CLANG_WARN_BOOL_CONVERSION = YES;
				CLANG_WARN_COMMA = YES;
				CLANG_WARN_CONSTANT_CONVERSION = YES;
				CLANG_WARN_DEPRECATED_OBJC_IMPLEMENTATIONS = YES;
				CLANG_WARN_DIRECT_OBJC_ISA_USAGE = YES_ERROR;
				CLANG_WARN_DOCUMENTATION_COMMENTS = YES;
				CLANG_WARN_EMPTY_BODY = YES;
				CLANG_WARN_ENUM_CONVERSION = YES;
				CLANG_WARN_INFINITE_RECURSION = YES;
				CLANG_WARN_INT_CONVERSION = YES;
				CLANG_WARN_NON_LITERAL_NULL_CONVERSION = YES;
				CLANG_WARN_OBJC_IMPLICIT_RETAIN_SELF = YES;
				CLANG_WARN_OBJC_LITERAL_CONVERSION = YES;
				CLANG_WARN_OBJC_ROOT_CLASS = YES_ERROR;
				CLANG_WARN_QUOTED_INCLUDE_IN_FRAMEWORK_HEADER = YES;
				CLANG_WARN_RANGE_LOOP_ANALYSIS = YES;
				CLANG_WARN_STRICT_PROTOTYPES = YES;
				CLANG_WARN_SUSPICIOUS_MOVE = YES;
				CLANG_WARN_UNGUARDED_AVAILABILITY = YES_AGGRESSIVE;
				CLANG_WARN_UNREACHABLE_CODE = YES;
				CLANG_WARN__DUPLICATE_METHOD_MATCH = YES;
				COPY_PHASE_STRIP = NO;
				DEBUG_INFORMATION_FORMAT = dwarf;
				ENABLE_STRICT_OBJC_MSGSEND = YES;
				ENABLE_TESTABILITY = YES;
				GCC_C_LANGUAGE_STANDARD = gnu11;
				GCC_DYNAMIC_NO_PIC = NO;
				GCC_NO_COMMON_BLOCKS = YES;
				GCC_OPTIMIZATION_LEVEL = 0;
				GCC_PREPROCESSOR_DEFINITIONS = (
					"DEBUG=1",
					"$(inherited)",
				);
				GCC_WARN_64_TO_32_BIT_CONVERSION = YES;
				GCC_WARN_ABOUT_RETURN_TYPE = YES_ERROR;
				GCC_WARN_UNDECLARED_SELECTOR = YES;
				GCC_WARN_UNINITIALIZED_AUTOS = YES_AGGRESSIVE;
				GCC_WARN_UNUSED_FUNCTION = YES;
				GCC_WARN_UNUSED_VARIABLE = YES;
				IPHONEOS_DEPLOYMENT_TARGET = 15.5;
				MTL_ENABLE_DEBUG_INFO = INCLUDE_SOURCE;
				MTL_FAST_MATH = YES;
				ONLY_ACTIVE_ARCH = YES;
				SDKROOT = iphoneos;
				SWIFT_ACTIVE_COMPILATION_CONDITIONS = DEBUG;
				SWIFT_OPTIMIZATION_LEVEL = "-Onone";
			};
			name = Debug;
		};
		F5F1849928B39D0A00DEF409 /* Release */ = {
			isa = XCBuildConfiguration;
			buildSettings = {
				ALWAYS_SEARCH_USER_PATHS = NO;
				CLANG_ANALYZER_NONNULL = YES;
				CLANG_ANALYZER_NUMBER_OBJECT_CONVERSION = YES_AGGRESSIVE;
				CLANG_CXX_LANGUAGE_STANDARD = "gnu++17";
				CLANG_ENABLE_MODULES = YES;
				CLANG_ENABLE_OBJC_ARC = YES;
				CLANG_ENABLE_OBJC_WEAK = YES;
				CLANG_WARN_BLOCK_CAPTURE_AUTORELEASING = YES;
				CLANG_WARN_BOOL_CONVERSION = YES;
				CLANG_WARN_COMMA = YES;
				CLANG_WARN_CONSTANT_CONVERSION = YES;
				CLANG_WARN_DEPRECATED_OBJC_IMPLEMENTATIONS = YES;
				CLANG_WARN_DIRECT_OBJC_ISA_USAGE = YES_ERROR;
				CLANG_WARN_DOCUMENTATION_COMMENTS = YES;
				CLANG_WARN_EMPTY_BODY = YES;
				CLANG_WARN_ENUM_CONVERSION = YES;
				CLANG_WARN_INFINITE_RECURSION = YES;
				CLANG_WARN_INT_CONVERSION = YES;
				CLANG_WARN_NON_LITERAL_NULL_CONVERSION = YES;
				CLANG_WARN_OBJC_IMPLICIT_RETAIN_SELF = YES;
				CLANG_WARN_OBJC_LITERAL_CONVERSION = YES;
				CLANG_WARN_OBJC_ROOT_CLASS = YES_ERROR;
				CLANG_WARN_QUOTED_INCLUDE_IN_FRAMEWORK_HEADER = YES;
				CLANG_WARN_RANGE_LOOP_ANALYSIS = YES;
				CLANG_WARN_STRICT_PROTOTYPES = YES;
				CLANG_WARN_SUSPICIOUS_MOVE = YES;
				CLANG_WARN_UNGUARDED_AVAILABILITY = YES_AGGRESSIVE;
				CLANG_WARN_UNREACHABLE_CODE = YES;
				CLANG_WARN__DUPLICATE_METHOD_MATCH = YES;
				COPY_PHASE_STRIP = NO;
				DEBUG_INFORMATION_FORMAT = "dwarf-with-dsym";
				ENABLE_NS_ASSERTIONS = NO;
				ENABLE_STRICT_OBJC_MSGSEND = YES;
				GCC_C_LANGUAGE_STANDARD = gnu11;
				GCC_NO_COMMON_BLOCKS = YES;
				GCC_WARN_64_TO_32_BIT_CONVERSION = YES;
				GCC_WARN_ABOUT_RETURN_TYPE = YES_ERROR;
				GCC_WARN_UNDECLARED_SELECTOR = YES;
				GCC_WARN_UNINITIALIZED_AUTOS = YES_AGGRESSIVE;
				GCC_WARN_UNUSED_FUNCTION = YES;
				GCC_WARN_UNUSED_VARIABLE = YES;
				IPHONEOS_DEPLOYMENT_TARGET = 15.5;
				MTL_ENABLE_DEBUG_INFO = NO;
				MTL_FAST_MATH = YES;
				SDKROOT = iphoneos;
				SWIFT_COMPILATION_MODE = wholemodule;
				SWIFT_OPTIMIZATION_LEVEL = "-O";
				VALIDATE_PRODUCT = YES;
			};
			name = Release;
		};
		F5F1849B28B39D0A00DEF409 /* Debug */ = {
			isa = XCBuildConfiguration;
			buildSettings = {
				ASSETCATALOG_COMPILER_APPICON_NAME = AppIcon;
				ASSETCATALOG_COMPILER_GLOBAL_ACCENT_COLOR_NAME = AccentColor;
				CODE_SIGN_STYLE = Automatic;
				CURRENT_PROJECT_VERSION = 1;
				DEVELOPMENT_TEAM = H42K746U72;
				GENERATE_INFOPLIST_FILE = YES;
				INFOPLIST_FILE = "MVVM-example/Info.plist";
				INFOPLIST_KEY_UIApplicationSupportsIndirectInputEvents = YES;
				INFOPLIST_KEY_UILaunchStoryboardName = LaunchScreen;
				INFOPLIST_KEY_UIMainStoryboardFile = Main;
				INFOPLIST_KEY_UISupportedInterfaceOrientations_iPad = "UIInterfaceOrientationPortrait UIInterfaceOrientationPortraitUpsideDown UIInterfaceOrientationLandscapeLeft UIInterfaceOrientationLandscapeRight";
				INFOPLIST_KEY_UISupportedInterfaceOrientations_iPhone = "UIInterfaceOrientationPortrait UIInterfaceOrientationLandscapeLeft UIInterfaceOrientationLandscapeRight";
				LD_RUNPATH_SEARCH_PATHS = (
					"$(inherited)",
					"@executable_path/Frameworks",
				);
				MARKETING_VERSION = 1.0;
				PRODUCT_BUNDLE_IDENTIFIER = "com.sun.MVVM-example";
				PRODUCT_NAME = "$(TARGET_NAME)";
				SWIFT_EMIT_LOC_STRINGS = YES;
				SWIFT_VERSION = 5.0;
				TARGETED_DEVICE_FAMILY = "1,2";
			};
			name = Debug;
		};
		F5F1849C28B39D0A00DEF409 /* Release */ = {
			isa = XCBuildConfiguration;
			buildSettings = {
				ASSETCATALOG_COMPILER_APPICON_NAME = AppIcon;
				ASSETCATALOG_COMPILER_GLOBAL_ACCENT_COLOR_NAME = AccentColor;
				CODE_SIGN_STYLE = Automatic;
				CURRENT_PROJECT_VERSION = 1;
				DEVELOPMENT_TEAM = H42K746U72;
				GENERATE_INFOPLIST_FILE = YES;
				INFOPLIST_FILE = "MVVM-example/Info.plist";
				INFOPLIST_KEY_UIApplicationSupportsIndirectInputEvents = YES;
				INFOPLIST_KEY_UILaunchStoryboardName = LaunchScreen;
				INFOPLIST_KEY_UIMainStoryboardFile = Main;
				INFOPLIST_KEY_UISupportedInterfaceOrientations_iPad = "UIInterfaceOrientationPortrait UIInterfaceOrientationPortraitUpsideDown UIInterfaceOrientationLandscapeLeft UIInterfaceOrientationLandscapeRight";
				INFOPLIST_KEY_UISupportedInterfaceOrientations_iPhone = "UIInterfaceOrientationPortrait UIInterfaceOrientationLandscapeLeft UIInterfaceOrientationLandscapeRight";
				LD_RUNPATH_SEARCH_PATHS = (
					"$(inherited)",
					"@executable_path/Frameworks",
				);
				MARKETING_VERSION = 1.0;
				PRODUCT_BUNDLE_IDENTIFIER = "com.sun.MVVM-example";
				PRODUCT_NAME = "$(TARGET_NAME)";
				SWIFT_EMIT_LOC_STRINGS = YES;
				SWIFT_VERSION = 5.0;
				TARGETED_DEVICE_FAMILY = "1,2";
			};
			name = Release;
		};
		F5F1849E28B39D0A00DEF409 /* Debug */ = {
			isa = XCBuildConfiguration;
			buildSettings = {
				ALWAYS_EMBED_SWIFT_STANDARD_LIBRARIES = YES;
				BUNDLE_LOADER = "$(TEST_HOST)";
				CODE_SIGN_STYLE = Automatic;
				CURRENT_PROJECT_VERSION = 1;
				DEVELOPMENT_TEAM = H42K746U72;
				GENERATE_INFOPLIST_FILE = YES;
				IPHONEOS_DEPLOYMENT_TARGET = 15.5;
				MARKETING_VERSION = 1.0;
				PRODUCT_BUNDLE_IDENTIFIER = "com.sun.MVVM-exampleTests";
				PRODUCT_NAME = "$(TARGET_NAME)";
				SWIFT_EMIT_LOC_STRINGS = NO;
				SWIFT_VERSION = 5.0;
				TARGETED_DEVICE_FAMILY = "1,2";
				TEST_HOST = "$(BUILT_PRODUCTS_DIR)/MVVM-example.app/MVVM-example";
			};
			name = Debug;
		};
		F5F1849F28B39D0A00DEF409 /* Release */ = {
			isa = XCBuildConfiguration;
			buildSettings = {
				ALWAYS_EMBED_SWIFT_STANDARD_LIBRARIES = YES;
				BUNDLE_LOADER = "$(TEST_HOST)";
				CODE_SIGN_STYLE = Automatic;
				CURRENT_PROJECT_VERSION = 1;
				DEVELOPMENT_TEAM = H42K746U72;
				GENERATE_INFOPLIST_FILE = YES;
				IPHONEOS_DEPLOYMENT_TARGET = 15.5;
				MARKETING_VERSION = 1.0;
				PRODUCT_BUNDLE_IDENTIFIER = "com.sun.MVVM-exampleTests";
				PRODUCT_NAME = "$(TARGET_NAME)";
				SWIFT_EMIT_LOC_STRINGS = NO;
				SWIFT_VERSION = 5.0;
				TARGETED_DEVICE_FAMILY = "1,2";
				TEST_HOST = "$(BUILT_PRODUCTS_DIR)/MVVM-example.app/MVVM-example";
			};
			name = Release;
		};
		F5F184A128B39D0A00DEF409 /* Debug */ = {
			isa = XCBuildConfiguration;
			buildSettings = {
				ALWAYS_EMBED_SWIFT_STANDARD_LIBRARIES = YES;
				CODE_SIGN_STYLE = Automatic;
				CURRENT_PROJECT_VERSION = 1;
				DEVELOPMENT_TEAM = H42K746U72;
				GENERATE_INFOPLIST_FILE = YES;
				MARKETING_VERSION = 1.0;
				PRODUCT_BUNDLE_IDENTIFIER = "com.sun.MVVM-exampleUITests";
				PRODUCT_NAME = "$(TARGET_NAME)";
				SWIFT_EMIT_LOC_STRINGS = NO;
				SWIFT_VERSION = 5.0;
				TARGETED_DEVICE_FAMILY = "1,2";
				TEST_TARGET_NAME = "MVVM-example";
			};
			name = Debug;
		};
		F5F184A228B39D0A00DEF409 /* Release */ = {
			isa = XCBuildConfiguration;
			buildSettings = {
				ALWAYS_EMBED_SWIFT_STANDARD_LIBRARIES = YES;
				CODE_SIGN_STYLE = Automatic;
				CURRENT_PROJECT_VERSION = 1;
				DEVELOPMENT_TEAM = H42K746U72;
				GENERATE_INFOPLIST_FILE = YES;
				MARKETING_VERSION = 1.0;
				PRODUCT_BUNDLE_IDENTIFIER = "com.sun.MVVM-exampleUITests";
				PRODUCT_NAME = "$(TARGET_NAME)";
				SWIFT_EMIT_LOC_STRINGS = NO;
				SWIFT_VERSION = 5.0;
				TARGETED_DEVICE_FAMILY = "1,2";
				TEST_TARGET_NAME = "MVVM-example";
			};
			name = Release;
		};
/* End XCBuildConfiguration section */

/* Begin XCConfigurationList section */
		F5F1846B28B39D0700DEF409 /* Build configuration list for PBXProject "MVVM-example" */ = {
			isa = XCConfigurationList;
			buildConfigurations = (
				F5F1849828B39D0A00DEF409 /* Debug */,
				F5F1849928B39D0A00DEF409 /* Release */,
			);
			defaultConfigurationIsVisible = 0;
			defaultConfigurationName = Release;
		};
		F5F1849A28B39D0A00DEF409 /* Build configuration list for PBXNativeTarget "MVVM-example" */ = {
			isa = XCConfigurationList;
			buildConfigurations = (
				F5F1849B28B39D0A00DEF409 /* Debug */,
				F5F1849C28B39D0A00DEF409 /* Release */,
			);
			defaultConfigurationIsVisible = 0;
			defaultConfigurationName = Release;
		};
		F5F1849D28B39D0A00DEF409 /* Build configuration list for PBXNativeTarget "MVVM-exampleTests" */ = {
			isa = XCConfigurationList;
			buildConfigurations = (
				F5F1849E28B39D0A00DEF409 /* Debug */,
				F5F1849F28B39D0A00DEF409 /* Release */,
			);
			defaultConfigurationIsVisible = 0;
			defaultConfigurationName = Release;
		};
		F5F184A028B39D0A00DEF409 /* Build configuration list for PBXNativeTarget "MVVM-exampleUITests" */ = {
			isa = XCConfigurationList;
			buildConfigurations = (
				F5F184A128B39D0A00DEF409 /* Debug */,
				F5F184A228B39D0A00DEF409 /* Release */,
			);
			defaultConfigurationIsVisible = 0;
			defaultConfigurationName = Release;
		};
/* End XCConfigurationList section */
	};
	rootObject = F5F1846828B39D0700DEF409 /* Project object */;
}
